
Microsoft Visual Studio Solution File, Format Version 12.00
# Visual Studio Version 16
VisualStudioVersion = 16.0.30611.23
MinimumVisualStudioVersion = 10.0.40219.1
Project("{9A19103F-16F7-4668-BE54-9A1E7A4F7556}") = "DrinkUPServer.Web", "DrinkUPServer.Web\DrinkUPServer.Web.csproj", "{E7E4ECE7-6153-4183-BB7D-A7661C7ACACE}"
EndProject
Project("{9A19103F-16F7-4668-BE54-9A1E7A4F7556}") = "DrinkUPServer.Database", "DrinkUPServer.Database\DrinkUPServer.Database.csproj", "{F68C927B-DA5B-45C7-AE4E-06435895279F}"
EndProject
Project("{9A19103F-16F7-4668-BE54-9A1E7A4F7556}") = "DrinkUPServer.Structures", "DrinkUPServer.Structures\DrinkUPServer.Structures.csproj", "{2842D664-466A-4A02-848F-E876253AF250}"
EndProject
Project("{9A19103F-16F7-4668-BE54-9A1E7A4F7556}") = "DrinkUPServer.MachineServer", "DrinkUPServer.MachineServer\DrinkUPServer.MachineServer.csproj", "{17B9519E-2869-49B4-B700-2110681C7272}"
EndProject
Project("{2150E333-8FDC-42A3-9474-1A3956D46DE8}") = "Solution Items", "Solution Items", "{FBBAFA2B-1C45-4607-A8E0-B2E3584CF6A0}"
	ProjectSection(SolutionItems) = preProject
		README.txt = README.txt
	EndProjectSection
EndProject
Global
	GlobalSection(SolutionConfigurationPlatforms) = preSolution
		Debug|Any CPU = Debug|Any CPU
		Release|Any CPU = Release|Any CPU
	EndGlobalSection
	GlobalSection(ProjectConfigurationPlatforms) = postSolution
		{E7E4ECE7-6153-4183-BB7D-A7661C7ACACE}.Debug|Any CPU.ActiveCfg = Debug|Any CPU
		{E7E4ECE7-6153-4183-BB7D-A7661C7ACACE}.Debug|Any CPU.Build.0 = Debug|Any CPU
		{E7E4ECE7-6153-4183-BB7D-A7661C7ACACE}.Release|Any CPU.ActiveCfg = Release|Any CPU
		{E7E4ECE7-6153-4183-BB7D-A7661C7ACACE}.Release|Any CPU.Build.0 = Release|Any CPU
		{F68C927B-DA5B-45C7-AE4E-06435895279F}.Debug|Any CPU.ActiveCfg = Debug|Any CPU
		{F68C927B-DA5B-45C7-AE4E-06435895279F}.Debug|Any CPU.Build.0 = Debug|Any CPU
		{F68C927B-DA5B-45C7-AE4E-06435895279F}.Release|Any CPU.ActiveCfg = Release|Any CPU
		{F68C927B-DA5B-45C7-AE4E-06435895279F}.Release|Any CPU.Build.0 = Release|Any CPU
		{2842D664-466A-4A02-848F-E876253AF250}.Debug|Any CPU.ActiveCfg = Debug|Any CPU
		{2842D664-466A-4A02-848F-E876253AF250}.Debug|Any CPU.Build.0 = Debug|Any CPU
		{2842D664-466A-4A02-848F-E876253AF250}.Release|Any CPU.ActiveCfg = Release|Any CPU
		{2842D664-466A-4A02-848F-E876253AF250}.Release|Any CPU.Build.0 = Release|Any CPU
		{17B9519E-2869-49B4-B700-2110681C7272}.Debug|Any CPU.ActiveCfg = Debug|Any CPU
		{17B9519E-2869-49B4-B700-2110681C7272}.Debug|Any CPU.Build.0 = Debug|Any CPU
		{17B9519E-2869-49B4-B700-2110681C7272}.Release|Any CPU.ActiveCfg = Release|Any CPU
		{17B9519E-2869-49B4-B700-2110681C7272}.Release|Any CPU.Build.0 = Release|Any CPU
	EndGlobalSection
	GlobalSection(SolutionProperties) = preSolution
		HideSolutionNode = FALSE
	EndGlobalSection
	GlobalSection(ExtensibilityGlobals) = postSolution
		SolutionGuid = {A4EE4A70-24B9-44E2-BEAB-19533D434F2E}
	EndGlobalSection
EndGlobal
